Microsoft Visual Studio Solution File, Format Version 12.00
# Visual Studio Version 17
VisualStudioVersion = 17.0.31611.283
MinimumVisualStudioVersion = 10.0.40219.1
Project("{9A19103F-16F7-4668-BE54-9A1E7A4F7556}") = "JournalApp", "JournalApp\JournalApp.csproj", "{DDDAF171-71A4-467A-BA11-9C4589CA0B3E}"
EndProject
Project("{2150E333-8FDC-42A3-9474-1A3956D46DE8}") = "Solution Items", "Solution Items", "{BC38128F-ED70-4D23-BA7C-E1E8DB5E5176}"
	ProjectSection(SolutionItems) = preProject
		.editorconfig = .editorconfig
		.gitignore = .gitignore
		.github\workflows\build-and-deploy.yml = .github\workflows\build-and-deploy.yml
		Directory.Build.props = Directory.Build.props
		global.json = global.json
		version.json = version.json
	EndProjectSection
EndProject
Project("{FAE04EC0-301F-11D3-BF4B-00C04F79EFBC}") = "JournalApp.Tests", "JournalApp.Tests\JournalApp.Tests.csproj", "{3C1F4A08-B991-48DE-B7B6-014A7D427514}"
EndProject
Global
	GlobalSection(SolutionConfigurationPlatforms) = preSolution
		Debug|Any CPU = Debug|Any CPU
		Release|Any CPU = Release|Any CPU
	EndGlobalSection
	GlobalSection(ProjectConfigurationPlatforms) = postSolution
		{DDDAF171-71A4-467A-BA11-9C4589CA0B3E}.Debug|Any CPU.ActiveCfg = Debug|Any CPU
		{DDDAF171-71A4-467A-BA11-9C4589CA0B3E}.Debug|Any CPU.Build.0 = Debug|Any CPU
		{DDDAF171-71A4-467A-BA11-9C4589CA0B3E}.Debug|Any CPU.Deploy.0 = Debug|Any CPU
		{DDDAF171-71A4-467A-BA11-9C4589CA0B3E}.Release|Any CPU.ActiveCfg = Release|Any CPU
		{DDDAF171-71A4-467A-BA11-9C4589CA0B3E}.Release|Any CPU.Build.0 = Release|Any CPU
		{DDDAF171-71A4-467A-BA11-9C4589CA0B3E}.Release|Any CPU.Deploy.0 = Release|Any CPU
		{3C1F4A08-B991-48DE-B7B6-014A7D427514}.Debug|Any CPU.ActiveCfg = Debug|Any CPU
		{3C1F4A08-B991-48DE-B7B6-014A7D427514}.Debug|Any CPU.Build.0 = Debug|Any CPU
		{3C1F4A08-B991-48DE-B7B6-014A7D427514}.Release|Any CPU.ActiveCfg = Release|Any CPU
		{3C1F4A08-B991-48DE-B7B6-014A7D427514}.Release|Any CPU.Build.0 = Release|Any CPU
	EndGlobalSection
	GlobalSection(SolutionProperties) = preSolution
		HideSolutionNode = FALSE
	EndGlobalSection
	GlobalSection(ExtensibilityGlobals) = postSolution
		SolutionGuid = {61F7FB11-1E47-470C-91E2-47F8143E1572}
	EndGlobalSection
EndGlobal
